
Microsoft Visual Studio Solution File, Format Version 12.00
# Visual Studio 2012
Project("{2150E333-8FDC-42A3-9474-1A3956D46DE8}") = "Solution Items", "Solution Items", "{2C9FAE22-3BED-4454-A894-B18ED882BAA6}"
	ProjectSection(SolutionItems) = preProject
		GeCoSurvey.vsmdi = GeCoSurvey.vsmdi
		Local.testsettings = Local.testsettings
		TraceAndTestImpact.testsettings = TraceAndTestImpact.testsettings
	EndProjectSection
EndProject
Project("{FAE04EC0-301F-11D3-BF4B-00C04F79EFBC}") = "GeCoSurvey.Web", "GeCoSurvey.Web\GeCoSurvey.Web.csproj", "{F0A6E595-64DD-42CB-B6B2-CBC071DAD1F0}"
EndProject
Project("{FAE04EC0-301F-11D3-BF4B-00C04F79EFBC}") = "GeCoSurvey.Domain", "GeCoSurvey.Domain\GeCoSurvey.Domain.csproj", "{62C3E7C6-E309-41D1-8ADF-2196FEF64267}"
EndProject
Project("{FAE04EC0-301F-11D3-BF4B-00C04F79EFBC}") = "GeCoSurvey.Data", "GeCoSurvey.Data\GeCoSurvey.Data.csproj", "{6C23EF4A-F3DD-4BEB-B2B7-66FB625F3F47}"
EndProject
Project("{FAE04EC0-301F-11D3-BF4B-00C04F79EFBC}") = "GeCoSurvey.Service", "GeCoSurvey.Service\GeCoSurvey.Service.csproj", "{8D07ABF3-B872-4FFE-8F54-DC97C700EBFD}"
EndProject
Project("{FAE04EC0-301F-11D3-BF4B-00C04F79EFBC}") = "SQLTableProfileProviderCS", "SQLTableProfileProviderCS\SQLTableProfileProviderCS.csproj", "{B42E1C34-93C0-4256-AB3D-90BAFC8B13E2}"
EndProject
Project("{FAE04EC0-301F-11D3-BF4B-00C04F79EFBC}") = "GeCoSurvey.Test", "GeCoSurvey.Test\GeCoSurvey.Test.csproj", "{21FDBBC9-8E46-4D85-BF3D-320330E06127}"
EndProject
Project("{FAE04EC0-301F-11D3-BF4B-00C04F79EFBC}") = "MvcMembership", "MvcMembership\MvcMembership.csproj", "{C9D7F653-E589-44CE-9D41-89821F4F9E4E}"
EndProject
Global
	GlobalSection(TestCaseManagementSettings) = postSolution
		CategoryFile = GeCoSurvey.vsmdi
	EndGlobalSection
	GlobalSection(SolutionConfigurationPlatforms) = preSolution
		Debug|Any CPU = Debug|Any CPU
		Release|Any CPU = Release|Any CPU
	EndGlobalSection
	GlobalSection(ProjectConfigurationPlatforms) = postSolution
		{21FDBBC9-8E46-4D85-BF3D-320330E06127}.Debug|Any CPU.ActiveCfg = Debug|Any CPU
		{21FDBBC9-8E46-4D85-BF3D-320330E06127}.Debug|Any CPU.Build.0 = Debug|Any CPU
		{21FDBBC9-8E46-4D85-BF3D-320330E06127}.Release|Any CPU.ActiveCfg = Release|Any CPU
		{21FDBBC9-8E46-4D85-BF3D-320330E06127}.Release|Any CPU.Build.0 = Release|Any CPU
		{62C3E7C6-E309-41D1-8ADF-2196FEF64267}.Debug|Any CPU.ActiveCfg = Debug|Any CPU
		{62C3E7C6-E309-41D1-8ADF-2196FEF64267}.Debug|Any CPU.Build.0 = Debug|Any CPU
		{62C3E7C6-E309-41D1-8ADF-2196FEF64267}.Release|Any CPU.ActiveCfg = Release|Any CPU
		{62C3E7C6-E309-41D1-8ADF-2196FEF64267}.Release|Any CPU.Build.0 = Release|Any CPU
		{6C23EF4A-F3DD-4BEB-B2B7-66FB625F3F47}.Debug|Any CPU.ActiveCfg = Debug|Any CPU
		{6C23EF4A-F3DD-4BEB-B2B7-66FB625F3F47}.Debug|Any CPU.Build.0 = Debug|Any CPU
		{6C23EF4A-F3DD-4BEB-B2B7-66FB625F3F47}.Release|Any CPU.ActiveCfg = Release|Any CPU
		{6C23EF4A-F3DD-4BEB-B2B7-66FB625F3F47}.Release|Any CPU.Build.0 = Release|Any CPU
		{8D07ABF3-B872-4FFE-8F54-DC97C700EBFD}.Debug|Any CPU.ActiveCfg = Debug|Any CPU
		{8D07ABF3-B872-4FFE-8F54-DC97C700EBFD}.Debug|Any CPU.Build.0 = Debug|Any CPU
		{8D07ABF3-B872-4FFE-8F54-DC97C700EBFD}.Release|Any CPU.ActiveCfg = Release|Any CPU
		{8D07ABF3-B872-4FFE-8F54-DC97C700EBFD}.Release|Any CPU.Build.0 = Release|Any CPU
		{B42E1C34-93C0-4256-AB3D-90BAFC8B13E2}.Debug|Any CPU.ActiveCfg = Debug|Any CPU
		{B42E1C34-93C0-4256-AB3D-90BAFC8B13E2}.Debug|Any CPU.Build.0 = Debug|Any CPU
		{B42E1C34-93C0-4256-AB3D-90BAFC8B13E2}.Release|Any CPU.ActiveCfg = Release|Any CPU
		{B42E1C34-93C0-4256-AB3D-90BAFC8B13E2}.Release|Any CPU.Build.0 = Release|Any CPU
		{C9D7F653-E589-44CE-9D41-89821F4F9E4E}.Debug|Any CPU.ActiveCfg = Debug|Any CPU
		{C9D7F653-E589-44CE-9D41-89821F4F9E4E}.Debug|Any CPU.Build.0 = Debug|Any CPU
		{C9D7F653-E589-44CE-9D41-89821F4F9E4E}.Release|Any CPU.ActiveCfg = Release|Any CPU
		{C9D7F653-E589-44CE-9D41-89821F4F9E4E}.Release|Any CPU.Build.0 = Release|Any CPU
		{F0A6E595-64DD-42CB-B6B2-CBC071DAD1F0}.Debug|Any CPU.ActiveCfg = Debug|Any CPU
		{F0A6E595-64DD-42CB-B6B2-CBC071DAD1F0}.Debug|Any CPU.Build.0 = Debug|Any CPU
		{F0A6E595-64DD-42CB-B6B2-CBC071DAD1F0}.Release|Any CPU.ActiveCfg = Release|Any CPU
		{F0A6E595-64DD-42CB-B6B2-CBC071DAD1F0}.Release|Any CPU.Build.0 = Release|Any CPU
	EndGlobalSection
	GlobalSection(SolutionProperties) = preSolution
		HideSolutionNode = FALSE
	EndGlobalSection
	GlobalSection(ExtensibilityGlobals) = postSolution
		EnterpriseLibraryConfigurationToolBinariesPath = packages\Unity.2.1.505.0\lib\NET35;packages\Unity.Interception.2.1.505.0\lib\NET35;packages\EnterpriseLibrary.Common.5.0.505.0\lib\NET35;packages\EnterpriseLibrary.Logging.5.0.505.1\lib\NET35
	EndGlobalSection
EndGlobal
